// !$*UTF8*$!
{
	archiveVersion = 1;
	classes = {
	};
	objectVersion = 56;
	objects = {

/* Begin PBXBuildFile section */
		AF7A52532D7B62110004B290 /* task3App.swift in Sources */ = {isa = PBXBuildFile; fileRef = AF7A52522D7B62110004B290 /* task3App.swift */; };
		AF7A52552D7B62110004B290 /* ContentView.swift in Sources */ = {isa = PBXBuildFile; fileRef = AF7A52542D7B62110004B290 /* ContentView.swift */; };
		AF7A52572D7B62150004B290 /* Assets.xcassets in Resources */ = {isa = PBXBuildFile; fileRef = AF7A52562D7B62150004B290 /* Assets.xcassets */; };
		AF7A525A2D7B62150004B290 /* Preview Assets.xcassets in Resources */ = {isa = PBXBuildFile; fileRef = AF7A52592D7B62150004B290 /* Preview Assets.xcassets */; };
		AF7A525C2D7B62150004B290 /* Persistence.swift in Sources */ = {isa = PBXBuildFile; fileRef = AF7A525B2D7B62150004B290 /* Persistence.swift */; };
		AF7A525F2D7B62150004B290 /* task3.xcdatamodeld in Sources */ = {isa = PBXBuildFile; fileRef = AF7A525D2D7B62150004B290 /* task3.xcdatamodeld */; };
		AF7A52692D7B62160004B290 /* task3Tests.swift in Sources */ = {isa = PBXBuildFile; fileRef = AF7A52682D7B62160004B290 /* task3Tests.swift */; };
		AF7A52732D7B62160004B290 /* task3UITests.swift in Sources */ = {isa = PBXBuildFile; fileRef = AF7A52722D7B62160004B290 /* task3UITests.swift */; };
		AF7A52752D7B62160004B290 /* task3UITestsLaunchTests.swift in Sources */ = {isa = PBXBuildFile; fileRef = AF7A52742D7B62160004B290 /* task3UITestsLaunchTests.swift */; };
		AF7A52832D7B64E10004B290 /* Lottie in Frameworks */ = {isa = PBXBuildFile; productRef = AF7A52822D7B64E10004B290 /* Lottie */; };
/* End PBXBuildFile section */

/* Begin PBXContainerItemProxy section */
		AF7A52652D7B62160004B290 /* PBXContainerItemProxy */ = {
			isa = PBXContainerItemProxy;
			containerPortal = AF7A52472D7B62110004B290 /* Project object */;
			proxyType = 1;
			remoteGlobalIDString = AF7A524E2D7B62110004B290;
			remoteInfo = task3;
		};
		AF7A526F2D7B62160004B290 /* PBXContainerItemProxy */ = {
			isa = PBXContainerItemProxy;
			containerPortal = AF7A52472D7B62110004B290 /* Project object */;
			proxyType = 1;
			remoteGlobalIDString = AF7A524E2D7B62110004B290;
			remoteInfo = task3;
		};
/* End PBXContainerItemProxy section */

/* Begin PBXFileReference section */
		AF7A524F2D7B62110004B290 /* task3.app */ = {isa = PBXFileReference; explicitFileType = wrapper.application; includeInIndex = 0; path = task3.app; sourceTree = BUILT_PRODUCTS_DIR; };
		AF7A52522D7B62110004B290 /* task3App.swift */ = {isa = PBXFileReference; lastKnownFileType = sourcecode.swift; path = task3App.swift; sourceTree = "<group>"; };
		AF7A52542D7B62110004B290 /* ContentView.swift */ = {isa = PBXFileReference; lastKnownFileType = sourcecode.swift; path = ContentView.swift; sourceTree = "<group>"; };
		AF7A52562D7B62150004B290 /* Assets.xcassets */ = {isa = PBXFileReference; lastKnownFileType = folder.assetcatalog; path = Assets.xcassets; sourceTree = "<group>"; };
		AF7A52592D7B62150004B290 /* Preview Assets.xcassets */ = {isa = PBXFileReference; lastKnownFileType = folder.assetcatalog; path = "Preview Assets.xcassets"; sourceTree = "<group>"; };
		AF7A525B2D7B62150004B290 /* Persistence.swift */ = {isa = PBXFileReference; lastKnownFileType = sourcecode.swift; path = Persistence.swift; sourceTree = "<group>"; };
		AF7A525E2D7B62150004B290 /* task3.xcdatamodel */ = {isa = PBXFileReference; lastKnownFileType = wrapper.xcdatamodel; path = task3.xcdatamodel; sourceTree = "<group>"; };
		AF7A52642D7B62160004B290 /* task3Tests.xctest */ = {isa = PBXFileReference; explicitFileType = wrapper.cfbundle; includeInIndex = 0; path = task3Tests.xctest; sourceTree = BUILT_PRODUCTS_DIR; };
		AF7A52682D7B62160004B290 /* task3Tests.swift */ = {isa = PBXFileReference; lastKnownFileType = sourcecode.swift; path = task3Tests.swift; sourceTree = "<group>"; };
		AF7A526E2D7B62160004B290 /* task3UITests.xctest */ = {isa = PBXFileReference; explicitFileType = wrapper.cfbundle; includeInIndex = 0; path = task3UITests.xctest; sourceTree = BUILT_PRODUCTS_DIR; };
		AF7A52722D7B62160004B290 /* task3UITests.swift */ = {isa = PBXFileReference; lastKnownFileType = sourcecode.swift; path = task3UITests.swift; sourceTree = "<group>"; };
		AF7A52742D7B62160004B290 /* task3UITestsLaunchTests.swift */ = {isa = PBXFileReference; lastKnownFileType = sourcecode.swift; path = task3UITestsLaunchTests.swift; sourceTree = "<group>"; };
/* End PBXFileReference section */

/* Begin PBXFrameworksBuildPhase section */
		AF7A524C2D7B62110004B290 /* Frameworks */ = {
			isa = PBXFrameworksBuildPhase;
			buildActionMask = 2147483647;
			files = (
				AF7A52832D7B64E10004B290 /* Lottie in Frameworks */,
			);
			runOnlyForDeploymentPostprocessing = 0;
		};
		AF7A52612D7B62160004B290 /* Frameworks */ = {
			isa = PBXFrameworksBuildPhase;
			buildActionMask = 2147483647;
			files = (
			);
			runOnlyForDeploymentPostprocessing = 0;
		};
		AF7A526B2D7B62160004B290 /* Frameworks */ = {
			isa = PBXFrameworksBuildPhase;
			buildActionMask = 2147483647;
			files = (
			);
			runOnlyForDeploymentPostprocessing = 0;
		};
/* End PBXFrameworksBuildPhase section */

/* Begin PBXGroup section */
		AF7A52462D7B62110004B290 = {
			isa = PBXGroup;
			children = (
				AF7A52512D7B62110004B290 /* task3 */,
				AF7A52672D7B62160004B290 /* task3Tests */,
				AF7A52712D7B62160004B290 /* task3UITests */,
				AF7A52502D7B62110004B290 /* Products */,
			);
			sourceTree = "<group>";
		};
		AF7A52502D7B62110004B290 /* Products */ = {
			isa = PBXGroup;
			children = (
				AF7A524F2D7B62110004B290 /* task3.app */,
				AF7A52642D7B62160004B290 /* task3Tests.xctest */,
				AF7A526E2D7B62160004B290 /* task3UITests.xctest */,
			);
			name = Products;
			sourceTree = "<group>";
		};
		AF7A52512D7B62110004B290 /* task3 */ = {
			isa = PBXGroup;
			children = (
				AF7A52522D7B62110004B290 /* task3App.swift */,
				AF7A52542D7B62110004B290 /* ContentView.swift */,
				AF7A52562D7B62150004B290 /* Assets.xcassets */,
				AF7A525B2D7B62150004B290 /* Persistence.swift */,
				AF7A525D2D7B62150004B290 /* task3.xcdatamodeld */,
				AF7A52582D7B62150004B290 /* Preview Content */,
			);
			path = task3;
			sourceTree = "<group>";
		};
		AF7A52582D7B62150004B290 /* Preview Content */ = {
			isa = PBXGroup;
			children = (
				AF7A52592D7B62150004B290 /* Preview Assets.xcassets */,
			);
			path = "Preview Content";
			sourceTree = "<group>";
		};
		AF7A52672D7B62160004B290 /* task3Tests */ = {
			isa = PBXGroup;
			children = (
				AF7A52682D7B62160004B290 /* task3Tests.swift */,
			);
			path = task3Tests;
			sourceTree = "<group>";
		};
		AF7A52712D7B62160004B290 /* task3UITests */ = {
			isa = PBXGroup;
			children = (
				AF7A52722D7B62160004B290 /* task3UITests.swift */,
				AF7A52742D7B62160004B290 /* task3UITestsLaunchTests.swift */,
			);
			path = task3UITests;
			sourceTree = "<group>";
		};
/* End PBXGroup section */

/* Begin PBXNativeTarget section */
		AF7A524E2D7B62110004B290 /* task3 */ = {
			isa = PBXNativeTarget;
			buildConfigurationList = AF7A52782D7B62160004B290 /* Build configuration list for PBXNativeTarget "task3" */;
			buildPhases = (
				AF7A524B2D7B62110004B290 /* Sources */,
				AF7A524C2D7B62110004B290 /* Frameworks */,
				AF7A524D2D7B62110004B290 /* Resources */,
			);
			buildRules = (
			);
			dependencies = (
			);
			name = task3;
			packageProductDependencies = (
				AF7A52822D7B64E10004B290 /* Lottie */,
			);
			productName = task3;
			productReference = AF7A524F2D7B62110004B290 /* task3.app */;
			productType = "com.apple.product-type.application";
		};
		AF7A52632D7B62160004B290 /* task3Tests */ = {
			isa = PBXNativeTarget;
			buildConfigurationList = AF7A527B2D7B62160004B290 /* Build configuration list for PBXNativeTarget "task3Tests" */;
			buildPhases = (
				AF7A52602D7B62160004B290 /* Sources */,
				AF7A52612D7B62160004B290 /* Frameworks */,
				AF7A52622D7B62160004B290 /* Resources */,
			);
			buildRules = (
			);
			dependencies = (
				AF7A52662D7B62160004B290 /* PBXTargetDependency */,
			);
			name = task3Tests;
			productName = task3Tests;
			productReference = AF7A52642D7B62160004B290 /* task3Tests.xctest */;
			productType = "com.apple.product-type.bundle.unit-test";
		};
		AF7A526D2D7B62160004B290 /* task3UITests */ = {
			isa = PBXNativeTarget;
			buildConfigurationList = AF7A527E2D7B62160004B290 /* Build configuration list for PBXNativeTarget "task3UITests" */;
			buildPhases = (
				AF7A526A2D7B62160004B290 /* Sources */,
				AF7A526B2D7B62160004B290 /* Frameworks */,
				AF7A526C2D7B62160004B290 /* Resources */,
			);
			buildRules = (
			);
			dependencies = (
				AF7A52702D7B62160004B290 /* PBXTargetDependency */,
			);
			name = task3UITests;
			productName = task3UITests;
			productReference = AF7A526E2D7B62160004B290 /* task3UITests.xctest */;
			productType = "com.apple.product-type.bundle.ui-testing";
		};
/* End PBXNativeTarget section */

/* Begin PBXProject section */
		AF7A52472D7B62110004B290 /* Project object */ = {
			isa = PBXProject;
			attributes = {
				BuildIndependentTargetsInParallel = 1;
				LastSwiftUpdateCheck = 1430;
				LastUpgradeCheck = 1430;
				TargetAttributes = {
					AF7A524E2D7B62110004B290 = {
						CreatedOnToolsVersion = 14.3.1;
					};
					AF7A52632D7B62160004B290 = {
						CreatedOnToolsVersion = 14.3.1;
						TestTargetID = AF7A524E2D7B62110004B290;
					};
					AF7A526D2D7B62160004B290 = {
						CreatedOnToolsVersion = 14.3.1;
						TestTargetID = AF7A524E2D7B62110004B290;
					};
				};
			};
			buildConfigurationList = AF7A524A2D7B62110004B290 /* Build configuration list for PBXProject "task3" */;
			compatibilityVersion = "Xcode 14.0";
			developmentRegion = en;
			hasScannedForEncodings = 0;
			knownRegions = (
				en,
				Base,
			);
			mainGroup = AF7A52462D7B62110004B290;
			packageReferences = (
				AF7A52812D7B64E10004B290 /* XCRemoteSwiftPackageReference "lottie-ios" */,
			);
			productRefGroup = AF7A52502D7B62110004B290 /* Products */;
			projectDirPath = "";
			projectRoot = "";
			targets = (
				AF7A524E2D7B62110004B290 /* task3 */,
				AF7A52632D7B62160004B290 /* task3Tests */,
				AF7A526D2D7B62160004B290 /* task3UITests */,
			);
		};
/* End PBXProject section */

/* Begin PBXResourcesBuildPhase section */
		AF7A524D2D7B62110004B290 /* Resources */ = {
			isa = PBXResourcesBuildPhase;
			buildActionMask = 2147483647;
			files = (
				AF7A525A2D7B62150004B290 /* Preview Assets.xcassets in Resources */,
				AF7A52572D7B62150004B290 /* Assets.xcassets in Resources */,
			);
			runOnlyForDeploymentPostprocessing = 0;
		};
		AF7A52622D7B62160004B290 /* Resources */ = {
			isa = PBXResourcesBuildPhase;
			buildActionMask = 2147483647;
			files = (
			);
			runOnlyForDeploymentPostprocessing = 0;
		};
		AF7A526C2D7B62160004B290 /* Resources */ = {
			isa = PBXResourcesBuildPhase;
			buildActionMask = 2147483647;
			files = (
			);
			runOnlyForDeploymentPostprocessing = 0;
		};
/* End PBXResourcesBuildPhase section */

/* Begin PBXSourcesBuildPhase section */
		AF7A524B2D7B62110004B290 /* Sources */ = {
			isa = PBXSourcesBuildPhase;
			buildActionMask = 2147483647;
			files = (
				AF7A525F2D7B62150004B290 /* task3.xcdatamodeld in Sources */,
				AF7A525C2D7B62150004B290 /* Persistence.swift in Sources */,
				AF7A52552D7B62110004B290 /* ContentView.swift in Sources */,
				AF7A52532D7B62110004B290 /* task3App.swift in Sources */,
			);
			runOnlyForDeploymentPostprocessing = 0;
		};
		AF7A52602D7B62160004B290 /* Sources */ = {
			isa = PBXSourcesBuildPhase;
			buildActionMask = 2147483647;
			files = (
				AF7A52692D7B62160004B290 /* task3Tests.swift in Sources */,
			);
			runOnlyForDeploymentPostprocessing = 0;
		};
		AF7A526A2D7B62160004B290 /* Sources */ = {
			isa = PBXSourcesBuildPhase;
			buildActionMask = 2147483647;
			files = (
				AF7A52732D7B62160004B290 /* task3UITests.swift in Sources */,
				AF7A52752D7B62160004B290 /* task3UITestsLaunchTests.swift in Sources */,
			);
			runOnlyForDeploymentPostprocessing = 0;
		};
/* End PBXSourcesBuildPhase section */

/* Begin PBXTargetDependency section */
		AF7A52662D7B62160004B290 /* PBXTargetDependency */ = {
			isa = PBXTargetDependency;
			target = AF7A524E2D7B62110004B290 /* task3 */;
			targetProxy = AF7A52652D7B62160004B290 /* PBXContainerItemProxy */;
		};
		AF7A52702D7B62160004B290 /* PBXTargetDependency */ = {
			isa = PBXTargetDependency;
			target = AF7A524E2D7B62110004B290 /* task3 */;
			targetProxy = AF7A526F2D7B62160004B290 /* PBXContainerItemProxy */;
		};
/* End PBXTargetDependency section */

/* Begin XCBuildConfiguration section */
		AF7A52762D7B62160004B290 /* Debug */ = {
			isa = XCBuildConfiguration;
			buildSettings = {
				ALWAYS_SEARCH_USER_PATHS = NO;
				CLANG_ANALYZER_NONNULL = YES;
				CLANG_ANALYZER_NUMBER_OBJECT_CONVERSION = YES_AGGRESSIVE;
				CLANG_CXX_LANGUAGE_STANDARD = "gnu++20";
				CLANG_ENABLE_MODULES = YES;
				CLANG_ENABLE_OBJC_ARC = YES;
				CLANG_ENABLE_OBJC_WEAK = YES;
				CLANG_WARN_BLOCK_CAPTURE_AUTORELEASING = YES;
				CLANG_WARN_BOOL_CONVERSION = YES;
				CLANG_WARN_COMMA = YES;
				CLANG_WARN_CONSTANT_CONVERSION = YES;
				CLANG_WARN_DEPRECATED_OBJC_IMPLEMENTATIONS = YES;
				CLANG_WARN_DIRECT_OBJC_ISA_USAGE = YES_ERROR;
				CLANG_WARN_DOCUMENTATION_COMMENTS = YES;
				CLANG_WARN_EMPTY_BODY = YES;
				CLANG_WARN_ENUM_CONVERSION = YES;
				CLANG_WARN_INFINITE_RECURSION = YES;
				CLANG_WARN_INT_CONVERSION = YES;
				CLANG_WARN_NON_LITERAL_NULL_CONVERSION = YES;
				CLANG_WARN_OBJC_IMPLICIT_RETAIN_SELF = YES;
				CLANG_WARN_OBJC_LITERAL_CONVERSION = YES;
				CLANG_WARN_OBJC_ROOT_CLASS = YES_ERROR;
				CLANG_WARN_QUOTED_INCLUDE_IN_FRAMEWORK_HEADER = YES;
				CLANG_WARN_RANGE_LOOP_ANALYSIS = YES;
				CLANG_WARN_STRICT_PROTOTYPES = YES;
				CLANG_WARN_SUSPICIOUS_MOVE = YES;
				CLANG_WARN_UNGUARDED_AVAILABILITY = YES_AGGRESSIVE;
				CLANG_WARN_UNREACHABLE_CODE = YES;
				CLANG_WARN__DUPLICATE_METHOD_MATCH = YES;
				COPY_PHASE_STRIP = NO;
				DEBUG_INFORMATION_FORMAT = dwarf;
				ENABLE_STRICT_OBJC_MSGSEND = YES;
				ENABLE_TESTABILITY = YES;
				GCC_C_LANGUAGE_STANDARD = gnu11;
				GCC_DYNAMIC_NO_PIC = NO;
				GCC_NO_COMMON_BLOCKS = YES;
				GCC_OPTIMIZATION_LEVEL = 0;
				GCC_PREPROCESSOR_DEFINITIONS = (
					"DEBUG=1",
					"$(inherited)",
				);
				GCC_WARN_64_TO_32_BIT_CONVERSION = YES;
				GCC_WARN_ABOUT_RETURN_TYPE = YES_ERROR;
				GCC_WARN_UNDECLARED_SELECTOR = YES;
				GCC_WARN_UNINITIALIZED_AUTOS = YES_AGGRESSIVE;
				GCC_WARN_UNUSED_FUNCTION = YES;
				GCC_WARN_UNUSED_VARIABLE = YES;
				IPHONEOS_DEPLOYMENT_TARGET = 16.4;
				MTL_ENABLE_DEBUG_INFO = INCLUDE_SOURCE;
				MTL_FAST_MATH = YES;
				ONLY_ACTIVE_ARCH = YES;
				SDKROOT = iphoneos;
				SWIFT_ACTIVE_COMPILATION_CONDITIONS = DEBUG;
				SWIFT_OPTIMIZATION_LEVEL = "-Onone";
			};
			name = Debug;
		};
		AF7A52772D7B62160004B290 /* Release */ = {
			isa = XCBuildConfiguration;
			buildSettings = {
				ALWAYS_SEARCH_USER_PATHS = NO;
				CLANG_ANALYZER_NONNULL = YES;
				CLANG_ANALYZER_NUMBER_OBJECT_CONVERSION = YES_AGGRESSIVE;
				CLANG_CXX_LANGUAGE_STANDARD = "gnu++20";
				CLANG_ENABLE_MODULES = YES;
				CLANG_ENABLE_OBJC_ARC = YES;
				CLANG_ENABLE_OBJC_WEAK = YES;
				CLANG_WARN_BLOCK_CAPTURE_AUTORELEASING = YES;
				CLANG_WARN_BOOL_CONVERSION = YES;
				CLANG_WARN_COMMA = YES;
				CLANG_WARN_CONSTANT_CONVERSION = YES;
				CLANG_WARN_DEPRECATED_OBJC_IMPLEMENTATIONS = YES;
				CLANG_WARN_DIRECT_OBJC_ISA_USAGE = YES_ERROR;
				CLANG_WARN_DOCUMENTATION_COMMENTS = YES;
				CLANG_WARN_EMPTY_BODY = YES;
				CLANG_WARN_ENUM_CONVERSION = YES;
				CLANG_WARN_INFINITE_RECURSION = YES;
				CLANG_WARN_INT_CONVERSION = YES;
				CLANG_WARN_NON_LITERAL_NULL_CONVERSION = YES;
				CLANG_WARN_OBJC_IMPLICIT_RETAIN_SELF = YES;
				CLANG_WARN_OBJC_LITERAL_CONVERSION = YES;
				CLANG_WARN_OBJC_ROOT_CLASS = YES_ERROR;
				CLANG_WARN_QUOTED_INCLUDE_IN_FRAMEWORK_HEADER = YES;
				CLANG_WARN_RANGE_LOOP_ANALYSIS = YES;
				CLANG_WARN_STRICT_PROTOTYPES = YES;
				CLANG_WARN_SUSPICIOUS_MOVE = YES;
				CLANG_WARN_UNGUARDED_AVAILABILITY = YES_AGGRESSIVE;
				CLANG_WARN_UNREACHABLE_CODE = YES;
				CLANG_WARN__DUPLICATE_METHOD_MATCH = YES;
				COPY_PHASE_STRIP = NO;
				DEBUG_INFORMATION_FORMAT = "dwarf-with-dsym";
				ENABLE_NS_ASSERTIONS = NO;
				ENABLE_STRICT_OBJC_MSGSEND = YES;
				GCC_C_LANGUAGE_STANDARD = gnu11;
				GCC_NO_COMMON_BLOCKS = YES;
				GCC_WARN_64_TO_32_BIT_CONVERSION = YES;
				GCC_WARN_ABOUT_RETURN_TYPE = YES_ERROR;
				GCC_WARN_UNDECLARED_SELECTOR = YES;
				GCC_WARN_UNINITIALIZED_AUTOS = YES_AGGRESSIVE;
				GCC_WARN_UNUSED_FUNCTION = YES;
				GCC_WARN_UNUSED_VARIABLE = YES;
				IPHONEOS_DEPLOYMENT_TARGET = 16.4;
				MTL_ENABLE_DEBUG_INFO = NO;
				MTL_FAST_MATH = YES;
				SDKROOT = iphoneos;
				SWIFT_COMPILATION_MODE = wholemodule;
				SWIFT_OPTIMIZATION_LEVEL = "-O";
				VALIDATE_PRODUCT = YES;
			};
			name = Release;
		};
		AF7A52792D7B62160004B290 /* Debug */ = {
			isa = XCBuildConfiguration;
			buildSettings = {
				ASSETCATALOG_COMPILER_APPICON_NAME = AppIcon;
				ASSETCATALOG_COMPILER_GLOBAL_ACCENT_COLOR_NAME = AccentColor;
				CODE_SIGN_STYLE = Automatic;
				CURRENT_PROJECT_VERSION = 1;
				DEVELOPMENT_ASSET_PATHS = "\"task3/Preview Content\"";
				DEVELOPMENT_TEAM = J846Q5ACP6;
				ENABLE_PREVIEWS = YES;
				GENERATE_INFOPLIST_FILE = YES;
				INFOPLIST_KEY_UIApplicationSceneManifest_Generation = YES;
				INFOPLIST_KEY_UIApplicationSupportsIndirectInputEvents = YES;
				INFOPLIST_KEY_UILaunchScreen_Generation = YES;
				INFOPLIST_KEY_UISupportedInterfaceOrientations_iPad = "UIInterfaceOrientationPortrait UIInterfaceOrientationPortraitUpsideDown UIInterfaceOrientationLandscapeLeft UIInterfaceOrientationLandscapeRight";
				INFOPLIST_KEY_UISupportedInterfaceOrientations_iPhone = "UIInterfaceOrientationPortrait UIInterfaceOrientationLandscapeLeft UIInterfaceOrientationLandscapeRight";
				LD_RUNPATH_SEARCH_PATHS = (
					"$(inherited)",
					"@executable_path/Frameworks",
				);
				MARKETING_VERSION = 1.0;
				PRODUCT_BUNDLE_IDENTIFIER = dias.task3;
				PRODUCT_NAME = "$(TARGET_NAME)";
				SWIFT_EMIT_LOC_STRINGS = YES;
				SWIFT_VERSION = 5.0;
				TARGETED_DEVICE_FAMILY = "1,2";
			};
			name = Debug;
		};
		AF7A527A2D7B62160004B290 /* Release */ = {
			isa = XCBuildConfiguration;
			buildSettings = {
				ASSETCATALOG_COMPILER_APPICON_NAME = AppIcon;
				ASSETCATALOG_COMPILER_GLOBAL_ACCENT_COLOR_NAME = AccentColor;
				CODE_SIGN_STYLE = Automatic;
				CURRENT_PROJECT_VERSION = 1;
				DEVELOPMENT_ASSET_PATHS = "\"task3/Preview Content\"";
				DEVELOPMENT_TEAM = J846Q5ACP6;
				ENABLE_PREVIEWS = YES;
				GENERATE_INFOPLIST_FILE = YES;
				INFOPLIST_KEY_UIApplicationSceneManifest_Generation = YES;
				INFOPLIST_KEY_UIApplicationSupportsIndirectInputEvents = YES;
				INFOPLIST_KEY_UILaunchScreen_Generation = YES;
				INFOPLIST_KEY_UISupportedInterfaceOrientations_iPad = "UIInterfaceOrientationPortrait UIInterfaceOrientationPortraitUpsideDown UIInterfaceOrientationLandscapeLeft UIInterfaceOrientationLandscapeRight";
				INFOPLIST_KEY_UISupportedInterfaceOrientations_iPhone = "UIInterfaceOrientationPortrait UIInterfaceOrientationLandscapeLeft UIInterfaceOrientationLandscapeRight";
				LD_RUNPATH_SEARCH_PATHS = (
					"$(inherited)",
					"@executable_path/Frameworks",
				);
				MARKETING_VERSION = 1.0;
				PRODUCT_BUNDLE_IDENTIFIER = dias.task3;
				PRODUCT_NAME = "$(TARGET_NAME)";
				SWIFT_EMIT_LOC_STRINGS = YES;
				SWIFT_VERSION = 5.0;
				TARGETED_DEVICE_FAMILY = "1,2";
			};
			name = Release;
		};
		AF7A527C2D7B62160004B290 /* Debug */ = {
			isa = XCBuildConfiguration;
			buildSettings = {
				ALWAYS_EMBED_SWIFT_STANDARD_LIBRARIES = YES;
				BUNDLE_LOADER = "$(TEST_HOST)";
				CODE_SIGN_STYLE = Automatic;
				CURRENT_PROJECT_VERSION = 1;
				DEVELOPMENT_TEAM = J846Q5ACP6;
				GENERATE_INFOPLIST_FILE = YES;
				IPHONEOS_DEPLOYMENT_TARGET = 16.4;
				MARKETING_VERSION = 1.0;
				PRODUCT_BUNDLE_IDENTIFIER = dias.task3Tests;
				PRODUCT_NAME = "$(TARGET_NAME)";
				SWIFT_EMIT_LOC_STRINGS = NO;
				SWIFT_VERSION = 5.0;
				TARGETED_DEVICE_FAMILY = "1,2";
				TEST_HOST = "$(BUILT_PRODUCTS_DIR)/task3.app/$(BUNDLE_EXECUTABLE_FOLDER_PATH)/task3";
			};
			name = Debug;
		};
		AF7A527D2D7B62160004B290 /* Release */ = {
			isa = XCBuildConfiguration;
			buildSettings = {
				ALWAYS_EMBED_SWIFT_STANDARD_LIBRARIES = YES;
				BUNDLE_LOADER = "$(TEST_HOST)";
				CODE_SIGN_STYLE = Automatic;
				CURRENT_PROJECT_VERSION = 1;
				DEVELOPMENT_TEAM = J846Q5ACP6;
				GENERATE_INFOPLIST_FILE = YES;
				IPHONEOS_DEPLOYMENT_TARGET = 16.4;
				MARKETING_VERSION = 1.0;
				PRODUCT_BUNDLE_IDENTIFIER = dias.task3Tests;
				PRODUCT_NAME = "$(TARGET_NAME)";
				SWIFT_EMIT_LOC_STRINGS = NO;
				SWIFT_VERSION = 5.0;
				TARGETED_DEVICE_FAMILY = "1,2";
				TEST_HOST = "$(BUILT_PRODUCTS_DIR)/task3.app/$(BUNDLE_EXECUTABLE_FOLDER_PATH)/task3";
			};
			name = Release;
		};
		AF7A527F2D7B62160004B290 /* Debug */ = {
			isa = XCBuildConfiguration;
			buildSettings = {
				ALWAYS_EMBED_SWIFT_STANDARD_LIBRARIES = YES;
				CODE_SIGN_STYLE = Automatic;
				CURRENT_PROJECT_VERSION = 1;
				DEVELOPMENT_TEAM = J846Q5ACP6;
				GENERATE_INFOPLIST_FILE = YES;
				MARKETING_VERSION = 1.0;
				PRODUCT_BUNDLE_IDENTIFIER = dias.task3UITests;
				PRODUCT_NAME = "$(TARGET_NAME)";
				SWIFT_EMIT_LOC_STRINGS = NO;
				SWIFT_VERSION = 5.0;
				TARGETED_DEVICE_FAMILY = "1,2";
				TEST_TARGET_NAME = task3;
			};
			name = Debug;
		};
		AF7A52802D7B62160004B290 /* Release */ = {
			isa = XCBuildConfiguration;
			buildSettings = {
				ALWAYS_EMBED_SWIFT_STANDARD_LIBRARIES = YES;
				CODE_SIGN_STYLE = Automatic;
				CURRENT_PROJECT_VERSION = 1;
				DEVELOPMENT_TEAM = J846Q5ACP6;
				GENERATE_INFOPLIST_FILE = YES;
				MARKETING_VERSION = 1.0;
				PRODUCT_BUNDLE_IDENTIFIER = dias.task3UITests;
				PRODUCT_NAME = "$(TARGET_NAME)";
				SWIFT_EMIT_LOC_STRINGS = NO;
				SWIFT_VERSION = 5.0;
				TARGETED_DEVICE_FAMILY = "1,2";
				TEST_TARGET_NAME = task3;
			};
			name = Release;
		};
/* End XCBuildConfiguration section */

/* Begin XCConfigurationList section */
		AF7A524A2D7B62110004B290 /* Build configuration list for PBXProject "task3" */ = {
			isa = XCConfigurationList;
			buildConfigurations = (
				AF7A52762D7B62160004B290 /* Debug */,
				AF7A52772D7B62160004B290 /* Release */,
			);
			defaultConfigurationIsVisible = 0;
			defaultConfigurationName = Release;
		};
		AF7A52782D7B62160004B290 /* Build configuration list for PBXNativeTarget "task3" */ = {
			isa = XCConfigurationList;
			buildConfigurations = (
				AF7A52792D7B62160004B290 /* Debug */,
				AF7A527A2D7B62160004B290 /* Release */,
			);
			defaultConfigurationIsVisible = 0;
			defaultConfigurationName = Release;
		};
		AF7A527B2D7B62160004B290 /* Build configuration list for PBXNativeTarget "task3Tests" */ = {
			isa = XCConfigurationList;
			buildConfigurations = (
				AF7A527C2D7B62160004B290 /* Debug */,
				AF7A527D2D7B62160004B290 /* Release */,
			);
			defaultConfigurationIsVisible = 0;
			defaultConfigurationName = Release;
		};
		AF7A527E2D7B62160004B290 /* Build configuration list for PBXNativeTarget "task3UITests" */ = {
			isa = XCConfigurationList;
			buildConfigurations = (
				AF7A527F2D7B62160004B290 /* Debug */,
				AF7A52802D7B62160004B290 /* Release */,
			);
			defaultConfigurationIsVisible = 0;
			defaultConfigurationName = Release;
		};
/* End XCConfigurationList section */

/* Begin XCRemoteSwiftPackageReference section */
		AF7A52812D7B64E10004B290 /* XCRemoteSwiftPackageReference "lottie-ios" */ = {
			isa = XCRemoteSwiftPackageReference;
			repositoryURL = "https://github.com/airbnb/lottie-ios";
			requirement = {
				kind = upToNextMajorVersion;
				minimumVersion = 4.0.0;
			};
		};
/* End XCRemoteSwiftPackageReference section */

/* Begin XCSwiftPackageProductDependency section */
		AF7A52822D7B64E10004B290 /* Lottie */ = {
			isa = XCSwiftPackageProductDependency;
			package = AF7A52812D7B64E10004B290 /* XCRemoteSwiftPackageReference "lottie-ios" */;
			productName = Lottie;
		};
/* End XCSwiftPackageProductDependency section */

/* Begin XCVersionGroup section */
		AF7A525D2D7B62150004B290 /* task3.xcdatamodeld */ = {
			isa = XCVersionGroup;
			children = (
				AF7A525E2D7B62150004B290 /* task3.xcdatamodel */,
			);
			currentVersion = AF7A525E2D7B62150004B290 /* task3.xcdatamodel */;
			path = task3.xcdatamodeld;
			sourceTree = "<group>";
			versionGroupType = wrapper.xcdatamodel;
		};
/* End XCVersionGroup section */
	};
	rootObject = AF7A52472D7B62110004B290 /* Project object */;
}
